schema: '2.0'
stages:
  split:
    cmd: python src/data/split_data.py
    deps:
    - path: data/raw_data/raw.csv
      hash: md5
      md5: 617b56af2992376d5c3e91ad80823898
      size: 333757
    - path: src/data/split_data.py
      hash: md5
      md5: a7b0417a51987f2f63108e8fbe293b29
      size: 600
    outs:
    - path: data/processed_data/X_test.csv
      hash: md5
      md5: 298a37adc4df1c5c5f590d55bbb456db
      size: 59821
    - path: data/processed_data/X_train.csv
      hash: md5
      md5: 201b2e4e50b7ab91aef7492a5edfb853
      size: 238621
    - path: data/processed_data/y_test.csv
      hash: md5
      md5: bde99f33b60ce1c184e2995e2587ae6b
      size: 13794
    - path: data/processed_data/y_train.csv
      hash: md5
      md5: 3f2cff78b5e5b4380546f287939f1342
      size: 54963
  normalize:
    cmd: python src/data/normalize_data.py
    deps:
    - path: data/processed_data/X_test.csv
      hash: md5
      md5: 298a37adc4df1c5c5f590d55bbb456db
      size: 59821
    - path: data/processed_data/X_train.csv
      hash: md5
      md5: 201b2e4e50b7ab91aef7492a5edfb853
      size: 238621
    - path: src/data/normalize_data.py
      hash: md5
      md5: cd9cd97cd0a5c92eb5b4814b0a81869e
      size: 705
    outs:
    - path: data/processed_data/X_test_scaled.csv
      hash: md5
      md5: 914359bb2f1bd66abf591e0e8e991021
      size: 57153
    - path: data/processed_data/X_train_scaled.csv
      hash: md5
      md5: 1abd33d6bb7fcd545d4e90370afb1938
      size: 228636
  gridsearch:
    cmd: python src/models/gridsearch.py
    deps:
    - path: data/processed_data/X_train_scaled.csv
      hash: md5
      md5: 1abd33d6bb7fcd545d4e90370afb1938
      size: 228636
    - path: data/processed_data/y_train.csv
      hash: md5
      md5: 3f2cff78b5e5b4380546f287939f1342
      size: 54963
    - path: src/models/gridsearch.py
      hash: md5
      md5: 65302a4201b551a6516a8b2249298955
      size: 747
    outs:
    - path: models/params.pkl
      hash: md5
      md5: cbb7113a6cfc0fa42a638cb1b545234d
      size: 47
  train:
    cmd: python src/models/train_model.py
    deps:
    - path: data/processed_data/X_train_scaled.csv
      hash: md5
      md5: 1abd33d6bb7fcd545d4e90370afb1938
      size: 228636
    - path: data/processed_data/y_train.csv
      hash: md5
      md5: 3f2cff78b5e5b4380546f287939f1342
      size: 54963
    - path: models/params.pkl
      hash: md5
      md5: cbb7113a6cfc0fa42a638cb1b545234d
      size: 47
    - path: src/models/train_model.py
      hash: md5
      md5: e9804fd8d07942666aacaff7fa84cf33
      size: 649
    outs:
    - path: models/model.pkl
      hash: md5
      md5: 2f0c11aee4aa38dd4108e78d8fd0d8e6
      size: 222274
  evaluate:
    cmd: python src/models/evaluate_model.py
    deps:
    - path: data/processed_data/X_test_scaled.csv
      hash: md5
      md5: 914359bb2f1bd66abf591e0e8e991021
      size: 57153
    - path: data/processed_data/y_test.csv
      hash: md5
      md5: bde99f33b60ce1c184e2995e2587ae6b
      size: 13794
    - path: models/model.pkl
      hash: md5
      md5: 2f0c11aee4aa38dd4108e78d8fd0d8e6
      size: 222274
    - path: src/models/evaluate_model.py
      hash: md5
      md5: 8c84b583ad650593360700ecebd8e97c
      size: 672
    outs:
    - path: data/y_test_pred.csv
      hash: md5
      md5: 7e2bfaee953c17bfe4bc1a8458fc2388
      size: 8131
    - path: metrics/scores.json
      hash: md5
      md5: fb6672ec4906ec84cdf65b0c48172857
      size: 27
